
Microsoft Visual Studio Solution File, Format Version 12.00
# Visual Studio Version 17
VisualStudioVersion = 17.4.33122.133
MinimumVisualStudioVersion = 10.0.40219.1
Project("{FAE04EC0-301F-11D3-BF4B-00C04F79EFBC}") = "eickets", "eickets\eickets.csproj", "{9A72A95F-F9A2-44D9-8788-2141D8FA786B}"
EndProject
Global
	GlobalSection(SolutionConfigurationPlatforms) = preSolution
		Debug|Any CPU = Debug|Any CPU
		Release|Any CPU = Release|Any CPU
	EndGlobalSection
	GlobalSection(ProjectConfigurationPlatforms) = postSolution
		{9A72A95F-F9A2-44D9-8788-2141D8FA786B}.Debug|Any CPU.ActiveCfg = Debug|Any CPU
		{9A72A95F-F9A2-44D9-8788-2141D8FA786B}.Debug|Any CPU.Build.0 = Debug|Any CPU
		{9A72A95F-F9A2-44D9-8788-2141D8FA786B}.Release|Any CPU.ActiveCfg = Release|Any CPU
		{9A72A95F-F9A2-44D9-8788-2141D8FA786B}.Release|Any CPU.Build.0 = Release|Any CPU
	EndGlobalSection
	GlobalSection(SolutionProperties) = preSolution
		HideSolutionNode = FALSE
	EndGlobalSection
	GlobalSection(ExtensibilityGlobals) = postSolution
		SolutionGuid = {65CE1D43-52FB-43CE-B77E-1F4C31EA4BBB}
	EndGlobalSection
EndGlobal
